<?xml version="1.0" encoding="utf-8"?>
<Project ToolsVersion="4.0" xmlns="http://schemas.microsoft.com/developer/msbuild/2003">
  <ItemGroup>
    <Filter Include="Ressourcendateien">
      <UniqueIdentifier>{67DA6AB6-F800-4c08-8B7A-83BB121AAD01}</UniqueIdentifier>
      <Extensions>rc;ico;cur;bmp;dlg;rc2;rct;bin;rgs;gif;jpg;jpeg;jpe;resx;tiff;tif;png;wav;mfcribbon-ms</Extensions>
    </Filter>
    <Filter Include="TextureHelpers">
      <UniqueIdentifier>{a3d4dbcc-2d46-4c50-a6bc-e1487e70afa6}</UniqueIdentifier>
    </Filter>
    <Filter Include="Audio">
      <UniqueIdentifier>{a2b35aea-d3c2-47d4-bbc8-db4de8cfcc0e}</UniqueIdentifier>
    </Filter>
  </ItemGroup>
  <ItemGroup>
    <ClInclude Include="Source\Enums.h" />
    <ClInclude Include="resource.h" />
    <ClInclude Include="Source\WICTextureHelper.h">
      <Filter>TextureHelpers</Filter>
    </ClInclude>
    <ClInclude Include="Source\DDSTextureHelper.h">
      <Filter>TextureHelpers</Filter>
    </ClInclude>
    <ClInclude Include="Source\AudioEngine.h">
      <Filter>Audio</Filter>
    </ClInclude>
    <ClInclude Include="Source\SoundEffect.h">
      <Filter>Audio</Filter>
    </ClInclude>
    <ClInclude Include="Source\StdAfx.h" />
    <ClInclude Include="Source\SoundEffectInstance.h">
      <Filter>Audio</Filter>
    </ClInclude>
    <ClInclude Include="Source\AudioListener.h">
      <Filter>Audio</Filter>
    </ClInclude>
    <ClInclude Include="Source\AudioEmitter.h">
      <Filter>Audio</Filter>
    </ClInclude>
    <ClInclude Include="Source\AudioEmitterNative.h">
      <Filter>Audio</Filter>
    </ClInclude>
  </ItemGroup>
  <ItemGroup>
    <ResourceCompile Include="DirectXTK.NET.rc">
      <Filter>Ressourcendateien</Filter>
    </ResourceCompile>
  </ItemGroup>
  <ItemGroup>
    <ClCompile Include="Source\WICTextureHelper.cpp">
      <Filter>TextureHelpers</Filter>
    </ClCompile>
    <ClCompile Include="Source\DDSTextureHelper.cpp">
      <Filter>TextureHelpers</Filter>
    </ClCompile>
    <ClCompile Include="Source\AudioEngine.cpp">
      <Filter>Audio</Filter>
    </ClCompile>
    <ClCompile Include="Source\SoundEffect.cpp">
      <Filter>Audio</Filter>
    </ClCompile>
    <ClCompile Include="Source\SoundEffectInstance.cpp">
      <Filter>Audio</Filter>
    </ClCompile>
    <ClCompile Include="Source\AudioListener.cpp">
      <Filter>Audio</Filter>
    </ClCompile>
    <ClCompile Include="Source\AudioEmitter.cpp">
      <Filter>Audio</Filter>
    </ClCompile>
    <ClCompile Include="Source\AudioEmitterNative.cpp">
      <Filter>Audio</Filter>
    </ClCompile>
  </ItemGroup>
  <ItemGroup>
    <None Include="packages.config" />
  </ItemGroup>
</Project>