
Microsoft Visual Studio Solution File, Format Version 12.00
# Visual Studio Version 17
VisualStudioVersion = 17.9.34728.123
MinimumVisualStudioVersion = 10.0.40219.1
Project("{8BC9CEB8-8B4A-11D0-8D11-00A0C91BC942}") = "DirectXTK.NET", "DirectXTK.NET\DirectXTK.NET.vcxproj", "{7FD78022-FB2F-434F-9803-E4757E857776}"
EndProject
Project("{2150E333-8FDC-42A3-9474-1A3956D46DE8}") = "Samples", "Samples", "{3E1A13C9-50DC-41BC-B72E-C8FBBB5A46B9}"
EndProject
Project("{9A19103F-16F7-4668-BE54-9A1E7A4F7556}") = "AudioSample", "Samples\AudioSample\AudioSample.csproj", "{2AD39A5F-92F8-4EC1-A58F-D97611C9A009}"
EndProject
Project("{9A19103F-16F7-4668-BE54-9A1E7A4F7556}") = "TextureSample", "Samples\TextureSample\TextureSample.csproj", "{B3CBBB16-8AD3-4CCB-8E5A-CC848062CEF0}"
EndProject
Global
	GlobalSection(SolutionConfigurationPlatforms) = preSolution
		Debug|x64 = Debug|x64
		Release|x64 = Release|x64
	EndGlobalSection
	GlobalSection(ProjectConfigurationPlatforms) = postSolution
		{7FD78022-FB2F-434F-9803-E4757E857776}.Debug|x64.ActiveCfg = Debug|x64
		{7FD78022-FB2F-434F-9803-E4757E857776}.Debug|x64.Build.0 = Debug|x64
		{7FD78022-FB2F-434F-9803-E4757E857776}.Release|x64.ActiveCfg = Release|x64
		{7FD78022-FB2F-434F-9803-E4757E857776}.Release|x64.Build.0 = Release|x64
		{2AD39A5F-92F8-4EC1-A58F-D97611C9A009}.Debug|x64.ActiveCfg = Debug|x64
		{2AD39A5F-92F8-4EC1-A58F-D97611C9A009}.Debug|x64.Build.0 = Debug|x64
		{2AD39A5F-92F8-4EC1-A58F-D97611C9A009}.Release|x64.ActiveCfg = Release|x64
		{B3CBBB16-8AD3-4CCB-8E5A-CC848062CEF0}.Debug|x64.ActiveCfg = Debug|x64
		{B3CBBB16-8AD3-4CCB-8E5A-CC848062CEF0}.Debug|x64.Build.0 = Debug|x64
		{B3CBBB16-8AD3-4CCB-8E5A-CC848062CEF0}.Release|x64.ActiveCfg = Release|x64
	EndGlobalSection
	GlobalSection(SolutionProperties) = preSolution
		HideSolutionNode = FALSE
	EndGlobalSection
	GlobalSection(NestedProjects) = preSolution
		{2AD39A5F-92F8-4EC1-A58F-D97611C9A009} = {3E1A13C9-50DC-41BC-B72E-C8FBBB5A46B9}
		{B3CBBB16-8AD3-4CCB-8E5A-CC848062CEF0} = {3E1A13C9-50DC-41BC-B72E-C8FBBB5A46B9}
	EndGlobalSection
	GlobalSection(ExtensibilityGlobals) = postSolution
		SolutionGuid = {B756210A-7F52-424F-A285-4C372A7204BB}
	EndGlobalSection
EndGlobal
